
Microsoft Visual Studio Solution File, Format Version 12.00
# Visual Studio Version 17
VisualStudioVersion = 17.1.31911.260
MinimumVisualStudioVersion = 10.0.40219.1
Project("{FAE04EC0-301F-11D3-BF4B-00C04F79EFBC}") = "Playground", "Playground\Playground.csproj", "{B034E024-0304-4F63-A2D4-13361C46F387}"
EndProject
Global
	GlobalSection(SolutionConfigurationPlatforms) = preSolution
		Debug|Any CPU = Debug|Any CPU
		Release|Any CPU = Release|Any CPU
	EndGlobalSection
	GlobalSection(ProjectConfigurationPlatforms) = postSolution
		{B034E024-0304-4F63-A2D4-13361C46F387}.Debug|Any CPU.ActiveCfg = Debug|Any CPU
		{B034E024-0304-4F63-A2D4-13361C46F387}.Debug|Any CPU.Build.0 = Debug|Any CPU
		{B034E024-0304-4F63-A2D4-13361C46F387}.Release|Any CPU.ActiveCfg = Release|Any CPU
		{B034E024-0304-4F63-A2D4-13361C46F387}.Release|Any CPU.Build.0 = Release|Any CPU
	EndGlobalSection
	GlobalSection(SolutionProperties) = preSolution
		HideSolutionNode = FALSE
	EndGlobalSection
	GlobalSection(ExtensibilityGlobals) = postSolution
		SolutionGuid = {A6B62774-67C8-4BEB-B68A-48902B3745CF}
	EndGlobalSection
EndGlobal
