
Microsoft Visual Studio Solution File, Format Version 12.00
# Visual Studio Version 17
VisualStudioVersion = 17.1.31911.260
MinimumVisualStudioVersion = 10.0.40219.1
Project("{9A19103F-16F7-4668-BE54-9A1E7A4F7556}") = "Playground", "Playground\Playground.csproj", "{B034E024-0304-4F63-A2D4-13361C46F387}"
EndProject
Project("{9A19103F-16F7-4668-BE54-9A1E7A4F7556}") = "TextTools", "TextTools\TextTools.csproj", "{16E209D4-7BE7-48E9-8E8B-F6F142CA41FF}"
EndProject
Project("{9A19103F-16F7-4668-BE54-9A1E7A4F7556}") = "WPFTextGUI", "WPFTextGUI\WPFTextGUI.csproj", "{BE5537CE-E961-4A1D-87C7-B43DA4EC2D4F}"
EndProject
Project("{9A19103F-16F7-4668-BE54-9A1E7A4F7556}") = "Tests", "Tests\Tests.csproj", "{69EF6ED6-804D-467D-B5D7-6494ECE8FEFF}"
EndProject
Project("{FAE04EC0-301F-11D3-BF4B-00C04F79EFBC}") = "MinAPI", "MinAPI\MinAPI.csproj", "{5F0CB45D-F7A4-4F60-95D8-5853EE661AA7}"
EndProject
Global
	GlobalSection(SolutionConfigurationPlatforms) = preSolution
		Debug|Any CPU = Debug|Any CPU
		Release|Any CPU = Release|Any CPU
	EndGlobalSection
	GlobalSection(ProjectConfigurationPlatforms) = postSolution
		{B034E024-0304-4F63-A2D4-13361C46F387}.Debug|Any CPU.ActiveCfg = Debug|Any CPU
		{B034E024-0304-4F63-A2D4-13361C46F387}.Debug|Any CPU.Build.0 = Debug|Any CPU
		{B034E024-0304-4F63-A2D4-13361C46F387}.Release|Any CPU.ActiveCfg = Release|Any CPU
		{B034E024-0304-4F63-A2D4-13361C46F387}.Release|Any CPU.Build.0 = Release|Any CPU
		{16E209D4-7BE7-48E9-8E8B-F6F142CA41FF}.Debug|Any CPU.ActiveCfg = Debug|Any CPU
		{16E209D4-7BE7-48E9-8E8B-F6F142CA41FF}.Debug|Any CPU.Build.0 = Debug|Any CPU
		{16E209D4-7BE7-48E9-8E8B-F6F142CA41FF}.Release|Any CPU.ActiveCfg = Release|Any CPU
		{16E209D4-7BE7-48E9-8E8B-F6F142CA41FF}.Release|Any CPU.Build.0 = Release|Any CPU
		{BE5537CE-E961-4A1D-87C7-B43DA4EC2D4F}.Debug|Any CPU.ActiveCfg = Debug|Any CPU
		{BE5537CE-E961-4A1D-87C7-B43DA4EC2D4F}.Debug|Any CPU.Build.0 = Debug|Any CPU
		{BE5537CE-E961-4A1D-87C7-B43DA4EC2D4F}.Release|Any CPU.ActiveCfg = Release|Any CPU
		{BE5537CE-E961-4A1D-87C7-B43DA4EC2D4F}.Release|Any CPU.Build.0 = Release|Any CPU
		{69EF6ED6-804D-467D-B5D7-6494ECE8FEFF}.Debug|Any CPU.ActiveCfg = Debug|Any CPU
		{69EF6ED6-804D-467D-B5D7-6494ECE8FEFF}.Debug|Any CPU.Build.0 = Debug|Any CPU
		{69EF6ED6-804D-467D-B5D7-6494ECE8FEFF}.Release|Any CPU.ActiveCfg = Release|Any CPU
		{69EF6ED6-804D-467D-B5D7-6494ECE8FEFF}.Release|Any CPU.Build.0 = Release|Any CPU
		{5F0CB45D-F7A4-4F60-95D8-5853EE661AA7}.Debug|Any CPU.ActiveCfg = Debug|Any CPU
		{5F0CB45D-F7A4-4F60-95D8-5853EE661AA7}.Debug|Any CPU.Build.0 = Debug|Any CPU
		{5F0CB45D-F7A4-4F60-95D8-5853EE661AA7}.Release|Any CPU.ActiveCfg = Release|Any CPU
		{5F0CB45D-F7A4-4F60-95D8-5853EE661AA7}.Release|Any CPU.Build.0 = Release|Any CPU
	EndGlobalSection
	GlobalSection(SolutionProperties) = preSolution
		HideSolutionNode = FALSE
	EndGlobalSection
	GlobalSection(ExtensibilityGlobals) = postSolution
		SolutionGuid = {A6B62774-67C8-4BEB-B68A-48902B3745CF}
	EndGlobalSection
EndGlobal
